
Microsoft Visual Studio Solution File, Format Version 12.00
# Visual Studio Version 16
VisualStudioVersion = 16.0.31829.152
MinimumVisualStudioVersion = 10.0.40219.1
Project("{FAE04EC0-301F-11D3-BF4B-00C04F79EFBC}") = "Bank", "Bank\Bank.csproj", "{2574E23F-4C20-4CE0-9466-277B472AB78E}"
EndProject
Global
	GlobalSection(SolutionConfigurationPlatforms) = preSolution
		Debug|Any CPU = Debug|Any CPU
		Release|Any CPU = Release|Any CPU
	EndGlobalSection
	GlobalSection(ProjectConfigurationPlatforms) = postSolution
		{2574E23F-4C20-4CE0-9466-277B472AB78E}.Debug|Any CPU.ActiveCfg = Debug|Any CPU
		{2574E23F-4C20-4CE0-9466-277B472AB78E}.Debug|Any CPU.Build.0 = Debug|Any CPU
		{2574E23F-4C20-4CE0-9466-277B472AB78E}.Release|Any CPU.ActiveCfg = Release|Any CPU
		{2574E23F-4C20-4CE0-9466-277B472AB78E}.Release|Any CPU.Build.0 = Release|Any CPU
	EndGlobalSection
	GlobalSection(SolutionProperties) = preSolution
		HideSolutionNode = FALSE
	EndGlobalSection
	GlobalSection(ExtensibilityGlobals) = postSolution
		SolutionGuid = {0674D14D-8763-4F05-8A55-C5CE7183BE1E}
	EndGlobalSection
EndGlobal
