
Microsoft Visual Studio Solution File, Format Version 12.00
# Visual Studio Version 16
VisualStudioVersion = 16.0.31829.152
MinimumVisualStudioVersion = 10.0.40219.1
Project("{FAE04EC0-301F-11D3-BF4B-00C04F79EFBC}") = "TestDocumentación", "TestDocumentación\TestDocumentación.csproj", "{89BAA3E5-F0B4-467D-95EF-3817DA9B9407}"
EndProject
Global
	GlobalSection(SolutionConfigurationPlatforms) = preSolution
		Debug|Any CPU = Debug|Any CPU
		Release|Any CPU = Release|Any CPU
	EndGlobalSection
	GlobalSection(ProjectConfigurationPlatforms) = postSolution
		{89BAA3E5-F0B4-467D-95EF-3817DA9B9407}.Debug|Any CPU.ActiveCfg = Debug|Any CPU
		{89BAA3E5-F0B4-467D-95EF-3817DA9B9407}.Debug|Any CPU.Build.0 = Debug|Any CPU
		{89BAA3E5-F0B4-467D-95EF-3817DA9B9407}.Release|Any CPU.ActiveCfg = Release|Any CPU
		{89BAA3E5-F0B4-467D-95EF-3817DA9B9407}.Release|Any CPU.Build.0 = Release|Any CPU
	EndGlobalSection
	GlobalSection(SolutionProperties) = preSolution
		HideSolutionNode = FALSE
	EndGlobalSection
	GlobalSection(ExtensibilityGlobals) = postSolution
		SolutionGuid = {0AA02852-0555-480F-BF7D-90B8656F59B1}
	EndGlobalSection
EndGlobal
